
Microsoft Visual Studio Solution File, Format Version 12.00
# Visual Studio Version 16
VisualStudioVersion = 16.0.32802.440
MinimumVisualStudioVersion = 10.0.40219.1
Project("{FAE04EC0-301F-11D3-BF4B-00C04F79EFBC}") = "Vetominka", "Vetominka.csproj", "{07277653-206F-404E-ACAF-1AFC2A651B56}"
EndProject
Global
	GlobalSection(SolutionConfigurationPlatforms) = preSolution
		Debug|Any CPU = Debug|Any CPU
		Release|Any CPU = Release|Any CPU
	EndGlobalSection
	GlobalSection(ProjectConfigurationPlatforms) = postSolution
		{07277653-206F-404E-ACAF-1AFC2A651B56}.Debug|Any CPU.ActiveCfg = Debug|Any CPU
		{07277653-206F-404E-ACAF-1AFC2A651B56}.Debug|Any CPU.Build.0 = Debug|Any CPU
		{07277653-206F-404E-ACAF-1AFC2A651B56}.Release|Any CPU.ActiveCfg = Release|Any CPU
		{07277653-206F-404E-ACAF-1AFC2A651B56}.Release|Any CPU.Build.0 = Release|Any CPU
	EndGlobalSection
	GlobalSection(SolutionProperties) = preSolution
		HideSolutionNode = FALSE
	EndGlobalSection
	GlobalSection(ExtensibilityGlobals) = postSolution
		SolutionGuid = {472C3F68-FC86-4279-B9D0-175E0D2AD8C1}
	EndGlobalSection
EndGlobal
